
Microsoft Visual Studio Solution File, Format Version 12.00
# Visual Studio Version 17
VisualStudioVersion = 17.11.35327.3
MinimumVisualStudioVersion = 10.0.40219.1
Project("{FAE04EC0-301F-11D3-BF4B-00C04F79EFBC}") = "Agdata.SeatBooking.Domain", "Agdata.SeatBooking.Domain\Agdata.SeatBooking.Domain.csproj", "{2517E45B-7499-4C80-9882-9791CD56E756}"
EndProject
Project("{FAE04EC0-301F-11D3-BF4B-00C04F79EFBC}") = "Agdata.SeatBooking.Application", "Agdata.SeatBooking.Application\Agdata.SeatBooking.Application.csproj", "{D35AC70D-78B0-458B-BDFC-FD2CFD667EA4}"
EndProject
Project("{FAE04EC0-301F-11D3-BF4B-00C04F79EFBC}") = "Agdata.SeatBooking.Console", "Agdata.SeatBooking.Console\Agdata.SeatBooking.Console.csproj", "{FB6FD0BC-1BFF-46A0-87B4-37576F687DBA}"
EndProject
Project("{FAE04EC0-301F-11D3-BF4B-00C04F79EFBC}") = "Agdata.SeatBooking.Data", "Agdata.SeatBooking.Data\Agdata.SeatBooking.Data.csproj", "{4BA42F5E-609B-4064-B09C-8B68A016227C}"
EndProject
Global
	GlobalSection(SolutionConfigurationPlatforms) = preSolution
		Debug|Any CPU = Debug|Any CPU
		Release|Any CPU = Release|Any CPU
	EndGlobalSection
	GlobalSection(ProjectConfigurationPlatforms) = postSolution
		{2517E45B-7499-4C80-9882-9791CD56E756}.Debug|Any CPU.ActiveCfg = Debug|Any CPU
		{2517E45B-7499-4C80-9882-9791CD56E756}.Debug|Any CPU.Build.0 = Debug|Any CPU
		{2517E45B-7499-4C80-9882-9791CD56E756}.Release|Any CPU.ActiveCfg = Release|Any CPU
		{2517E45B-7499-4C80-9882-9791CD56E756}.Release|Any CPU.Build.0 = Release|Any CPU
		{D35AC70D-78B0-458B-BDFC-FD2CFD667EA4}.Debug|Any CPU.ActiveCfg = Debug|Any CPU
		{D35AC70D-78B0-458B-BDFC-FD2CFD667EA4}.Debug|Any CPU.Build.0 = Debug|Any CPU
		{D35AC70D-78B0-458B-BDFC-FD2CFD667EA4}.Release|Any CPU.ActiveCfg = Release|Any CPU
		{D35AC70D-78B0-458B-BDFC-FD2CFD667EA4}.Release|Any CPU.Build.0 = Release|Any CPU
		{FB6FD0BC-1BFF-46A0-87B4-37576F687DBA}.Debug|Any CPU.ActiveCfg = Debug|Any CPU
		{FB6FD0BC-1BFF-46A0-87B4-37576F687DBA}.Debug|Any CPU.Build.0 = Debug|Any CPU
		{FB6FD0BC-1BFF-46A0-87B4-37576F687DBA}.Release|Any CPU.ActiveCfg = Release|Any CPU
		{FB6FD0BC-1BFF-46A0-87B4-37576F687DBA}.Release|Any CPU.Build.0 = Release|Any CPU
		{4BA42F5E-609B-4064-B09C-8B68A016227C}.Debug|Any CPU.ActiveCfg = Debug|Any CPU
		{4BA42F5E-609B-4064-B09C-8B68A016227C}.Debug|Any CPU.Build.0 = Debug|Any CPU
		{4BA42F5E-609B-4064-B09C-8B68A016227C}.Release|Any CPU.ActiveCfg = Release|Any CPU
		{4BA42F5E-609B-4064-B09C-8B68A016227C}.Release|Any CPU.Build.0 = Release|Any CPU
	EndGlobalSection
	GlobalSection(SolutionProperties) = preSolution
		HideSolutionNode = FALSE
	EndGlobalSection
	GlobalSection(ExtensibilityGlobals) = postSolution
		SolutionGuid = {2C619127-D9B1-4706-9FC4-1C4E3689CFBD}
	EndGlobalSection
EndGlobal
